
Microsoft Visual Studio Solution File, Format Version 12.00
# Visual Studio Version 17
VisualStudioVersion = 17.4.33213.308
MinimumVisualStudioVersion = 10.0.40219.1
Project("{FAE04EC0-301F-11D3-BF4B-00C04F79EFBC}") = "personelEkleme", "personelEkleme\personelEkleme.csproj", "{028D52C8-931E-459D-B7A2-7E5E85153306}"
EndProject
Global
	GlobalSection(SolutionConfigurationPlatforms) = preSolution
		Debug|Any CPU = Debug|Any CPU
		Release|Any CPU = Release|Any CPU
	EndGlobalSection
	GlobalSection(ProjectConfigurationPlatforms) = postSolution
		{028D52C8-931E-459D-B7A2-7E5E85153306}.Debug|Any CPU.ActiveCfg = Debug|Any CPU
		{028D52C8-931E-459D-B7A2-7E5E85153306}.Debug|Any CPU.Build.0 = Debug|Any CPU
		{028D52C8-931E-459D-B7A2-7E5E85153306}.Release|Any CPU.ActiveCfg = Release|Any CPU
		{028D52C8-931E-459D-B7A2-7E5E85153306}.Release|Any CPU.Build.0 = Release|Any CPU
	EndGlobalSection
	GlobalSection(SolutionProperties) = preSolution
		HideSolutionNode = FALSE
	EndGlobalSection
	GlobalSection(ExtensibilityGlobals) = postSolution
		SolutionGuid = {3DB2DD23-7B29-4337-862D-3D3075DEEFE4}
	EndGlobalSection
EndGlobal
