
Microsoft Visual Studio Solution File, Format Version 12.00
# Visual Studio Version 17
VisualStudioVersion = 17.4.33213.308
MinimumVisualStudioVersion = 10.0.40219.1
Project("{FAE04EC0-301F-11D3-BF4B-00C04F79EFBC}") = "NotHesaplama", "NotHesaplama\NotHesaplama.csproj", "{43477733-1A47-4860-AFB8-A487A5564660}"
EndProject
Global
	GlobalSection(SolutionConfigurationPlatforms) = preSolution
		Debug|Any CPU = Debug|Any CPU
		Release|Any CPU = Release|Any CPU
	EndGlobalSection
	GlobalSection(ProjectConfigurationPlatforms) = postSolution
		{43477733-1A47-4860-AFB8-A487A5564660}.Debug|Any CPU.ActiveCfg = Debug|Any CPU
		{43477733-1A47-4860-AFB8-A487A5564660}.Debug|Any CPU.Build.0 = Debug|Any CPU
		{43477733-1A47-4860-AFB8-A487A5564660}.Release|Any CPU.ActiveCfg = Release|Any CPU
		{43477733-1A47-4860-AFB8-A487A5564660}.Release|Any CPU.Build.0 = Release|Any CPU
	EndGlobalSection
	GlobalSection(SolutionProperties) = preSolution
		HideSolutionNode = FALSE
	EndGlobalSection
	GlobalSection(ExtensibilityGlobals) = postSolution
		SolutionGuid = {FB4E8288-9293-4655-BABF-29F33E50CF8E}
	EndGlobalSection
EndGlobal
