
Microsoft Visual Studio Solution File, Format Version 12.00
# Visual Studio Version 17
VisualStudioVersion = 17.4.33213.308
MinimumVisualStudioVersion = 10.0.40219.1
Project("{FAE04EC0-301F-11D3-BF4B-00C04F79EFBC}") = "merhabaMessageBox", "merhabaMessageBox\merhabaMessageBox.csproj", "{DAF04879-6E82-45EF-A528-30EF46883AC3}"
EndProject
Project("{FAE04EC0-301F-11D3-BF4B-00C04F79EFBC}") = "mailYazdirma", "mailYazdirma\mailYazdirma.csproj", "{13A0235E-4896-4D63-96D0-051BCC753B0A}"
EndProject
Global
	GlobalSection(SolutionConfigurationPlatforms) = preSolution
		Debug|Any CPU = Debug|Any CPU
		Release|Any CPU = Release|Any CPU
	EndGlobalSection
	GlobalSection(ProjectConfigurationPlatforms) = postSolution
		{DAF04879-6E82-45EF-A528-30EF46883AC3}.Debug|Any CPU.ActiveCfg = Debug|Any CPU
		{DAF04879-6E82-45EF-A528-30EF46883AC3}.Debug|Any CPU.Build.0 = Debug|Any CPU
		{DAF04879-6E82-45EF-A528-30EF46883AC3}.Release|Any CPU.ActiveCfg = Release|Any CPU
		{DAF04879-6E82-45EF-A528-30EF46883AC3}.Release|Any CPU.Build.0 = Release|Any CPU
		{13A0235E-4896-4D63-96D0-051BCC753B0A}.Debug|Any CPU.ActiveCfg = Debug|Any CPU
		{13A0235E-4896-4D63-96D0-051BCC753B0A}.Debug|Any CPU.Build.0 = Debug|Any CPU
		{13A0235E-4896-4D63-96D0-051BCC753B0A}.Release|Any CPU.ActiveCfg = Release|Any CPU
		{13A0235E-4896-4D63-96D0-051BCC753B0A}.Release|Any CPU.Build.0 = Release|Any CPU
	EndGlobalSection
	GlobalSection(SolutionProperties) = preSolution
		HideSolutionNode = FALSE
	EndGlobalSection
	GlobalSection(ExtensibilityGlobals) = postSolution
		SolutionGuid = {071DC1CD-8EAB-422F-A325-31410B5BCB16}
	EndGlobalSection
EndGlobal
