
Microsoft Visual Studio Solution File, Format Version 12.00
# Visual Studio Version 17
VisualStudioVersion = 17.4.33213.308
MinimumVisualStudioVersion = 10.0.40219.1
Project("{FAE04EC0-301F-11D3-BF4B-00C04F79EFBC}") = "indirimHesaplama", "indirimHesaplama\indirimHesaplama.csproj", "{1B5D3B98-8AF8-4258-8CB9-95D47B1D5634}"
EndProject
Global
	GlobalSection(SolutionConfigurationPlatforms) = preSolution
		Debug|Any CPU = Debug|Any CPU
		Release|Any CPU = Release|Any CPU
	EndGlobalSection
	GlobalSection(ProjectConfigurationPlatforms) = postSolution
		{1B5D3B98-8AF8-4258-8CB9-95D47B1D5634}.Debug|Any CPU.ActiveCfg = Debug|Any CPU
		{1B5D3B98-8AF8-4258-8CB9-95D47B1D5634}.Debug|Any CPU.Build.0 = Debug|Any CPU
		{1B5D3B98-8AF8-4258-8CB9-95D47B1D5634}.Release|Any CPU.ActiveCfg = Release|Any CPU
		{1B5D3B98-8AF8-4258-8CB9-95D47B1D5634}.Release|Any CPU.Build.0 = Release|Any CPU
	EndGlobalSection
	GlobalSection(SolutionProperties) = preSolution
		HideSolutionNode = FALSE
	EndGlobalSection
	GlobalSection(ExtensibilityGlobals) = postSolution
		SolutionGuid = {1E8C69AB-8B72-46E6-8BAD-5F604F8FEA6E}
	EndGlobalSection
EndGlobal
